// !$*UTF8*$!
{
	archiveVersion = 1;
	classes = {
	};
	objectVersion = 46;
	objects = {

/* Begin PBXBuildFile section */
		9534456B1F70119300667AF0 /* AppDelegate.swift in Sources */ = {isa = PBXBuildFile; fileRef = 9534456A1F70119300667AF0 /* AppDelegate.swift */; };
		9534456D1F70119300667AF0 /* ViewController.swift in Sources */ = {isa = PBXBuildFile; fileRef = 9534456C1F70119300667AF0 /* ViewController.swift */; };
		953445701F70119300667AF0 /* Main.storyboard in Resources */ = {isa = PBXBuildFile; fileRef = 9534456E1F70119300667AF0 /* Main.storyboard */; };
		953445721F70119300667AF0 /* Assets.xcassets in Resources */ = {isa = PBXBuildFile; fileRef = 953445711F70119300667AF0 /* Assets.xcassets */; };
		953445751F70119300667AF0 /* LaunchScreen.storyboard in Resources */ = {isa = PBXBuildFile; fileRef = 953445731F70119300667AF0 /* LaunchScreen.storyboard */; };
		953445801F70119400667AF0 /* SaveKittensButNotHairlessOnesTests.swift in Sources */ = {isa = PBXBuildFile; fileRef = 9534457F1F70119400667AF0 /* SaveKittensButNotHairlessOnesTests.swift */; };
		9534458B1F70119400667AF0 /* SaveKittensButNotHairlessOnesUITests.swift in Sources */ = {isa = PBXBuildFile; fileRef = 9534458A1F70119400667AF0 /* SaveKittensButNotHairlessOnesUITests.swift */; };
/* End PBXBuildFile section */

/* Begin PBXContainerItemProxy section */
		9534457C1F70119400667AF0 /* PBXContainerItemProxy */ = {
			isa = PBXContainerItemProxy;
			containerPortal = 9534455F1F70119300667AF0 /* Project object */;
			proxyType = 1;
			remoteGlobalIDString = 953445661F70119300667AF0;
			remoteInfo = SaveKittensButNotHairlessOnes;
		};
		953445871F70119400667AF0 /* PBXContainerItemProxy */ = {
			isa = PBXContainerItemProxy;
			containerPortal = 9534455F1F70119300667AF0 /* Project object */;
			proxyType = 1;
			remoteGlobalIDString = 953445661F70119300667AF0;
			remoteInfo = SaveKittensButNotHairlessOnes;
		};
/* End PBXContainerItemProxy section */

/* Begin PBXFileReference section */
		953445671F70119300667AF0 /* SaveKittensButNotHairlessOnes.app */ = {isa = PBXFileReference; explicitFileType = wrapper.application; includeInIndex = 0; path = SaveKittensButNotHairlessOnes.app; sourceTree = BUILT_PRODUCTS_DIR; };
		9534456A1F70119300667AF0 /* AppDelegate.swift */ = {isa = PBXFileReference; lastKnownFileType = sourcecode.swift; path = AppDelegate.swift; sourceTree = "<group>"; };
		9534456C1F70119300667AF0 /* ViewController.swift */ = {isa = PBXFileReference; lastKnownFileType = sourcecode.swift; path = ViewController.swift; sourceTree = "<group>"; };
		9534456F1F70119300667AF0 /* Base */ = {isa = PBXFileReference; lastKnownFileType = file.storyboard; name = Base; path = Base.lproj/Main.storyboard; sourceTree = "<group>"; };
		953445711F70119300667AF0 /* Assets.xcassets */ = {isa = PBXFileReference; lastKnownFileType = folder.assetcatalog; path = Assets.xcassets; sourceTree = "<group>"; };
		953445741F70119300667AF0 /* Base */ = {isa = PBXFileReference; lastKnownFileType = file.storyboard; name = Base; path = Base.lproj/LaunchScreen.storyboard; sourceTree = "<group>"; };
		953445761F70119300667AF0 /* Info.plist */ = {isa = PBXFileReference; lastKnownFileType = text.plist.xml; path = Info.plist; sourceTree = "<group>"; };
		9534457B1F70119400667AF0 /* SaveKittensButNotHairlessOnesTests.xctest */ = {isa = PBXFileReference; explicitFileType = wrapper.cfbundle; includeInIndex = 0; path = SaveKittensButNotHairlessOnesTests.xctest; sourceTree = BUILT_PRODUCTS_DIR; };
		9534457F1F70119400667AF0 /* SaveKittensButNotHairlessOnesTests.swift */ = {isa = PBXFileReference; lastKnownFileType = sourcecode.swift; path = SaveKittensButNotHairlessOnesTests.swift; sourceTree = "<group>"; };
		953445811F70119400667AF0 /* Info.plist */ = {isa = PBXFileReference; lastKnownFileType = text.plist.xml; path = Info.plist; sourceTree = "<group>"; };
		953445861F70119400667AF0 /* SaveKittensButNotHairlessOnesUITests.xctest */ = {isa = PBXFileReference; explicitFileType = wrapper.cfbundle; includeInIndex = 0; path = SaveKittensButNotHairlessOnesUITests.xctest; sourceTree = BUILT_PRODUCTS_DIR; };
		9534458A1F70119400667AF0 /* SaveKittensButNotHairlessOnesUITests.swift */ = {isa = PBXFileReference; lastKnownFileType = sourcecode.swift; path = SaveKittensButNotHairlessOnesUITests.swift; sourceTree = "<group>"; };
		9534458C1F70119400667AF0 /* Info.plist */ = {isa = PBXFileReference; lastKnownFileType = text.plist.xml; path = Info.plist; sourceTree = "<group>"; };
/* End PBXFileReference section */

/* Begin PBXFrameworksBuildPhase section */
		953445641F70119300667AF0 /* Frameworks */ = {
			isa = PBXFrameworksBuildPhase;
			buildActionMask = 2147483647;
			files = (
			);
			runOnlyForDeploymentPostprocessing = 0;
		};
		953445781F70119400667AF0 /* Frameworks */ = {
			isa = PBXFrameworksBuildPhase;
			buildActionMask = 2147483647;
			files = (
			);
			runOnlyForDeploymentPostprocessing = 0;
		};
		953445831F70119400667AF0 /* Frameworks */ = {
			isa = PBXFrameworksBuildPhase;
			buildActionMask = 2147483647;
			files = (
			);
			runOnlyForDeploymentPostprocessing = 0;
		};
/* End PBXFrameworksBuildPhase section */

/* Begin PBXGroup section */
		9534455E1F70119300667AF0 = {
			isa = PBXGroup;
			children = (
				953445691F70119300667AF0 /* SaveKittensButNotHairlessOnes */,
				9534457E1F70119400667AF0 /* SaveKittensButNotHairlessOnesTests */,
				953445891F70119400667AF0 /* SaveKittensButNotHairlessOnesUITests */,
				953445681F70119300667AF0 /* Products */,
			);
			sourceTree = "<group>";
		};
		953445681F70119300667AF0 /* Products */ = {
			isa = PBXGroup;
			children = (
				953445671F70119300667AF0 /* SaveKittensButNotHairlessOnes.app */,
				9534457B1F70119400667AF0 /* SaveKittensButNotHairlessOnesTests.xctest */,
				953445861F70119400667AF0 /* SaveKittensButNotHairlessOnesUITests.xctest */,
			);
			name = Products;
			sourceTree = "<group>";
		};
		953445691F70119300667AF0 /* SaveKittensButNotHairlessOnes */ = {
			isa = PBXGroup;
			children = (
				9534456A1F70119300667AF0 /* AppDelegate.swift */,
				9534456C1F70119300667AF0 /* ViewController.swift */,
				9534456E1F70119300667AF0 /* Main.storyboard */,
				953445711F70119300667AF0 /* Assets.xcassets */,
				953445731F70119300667AF0 /* LaunchScreen.storyboard */,
				953445761F70119300667AF0 /* Info.plist */,
			);
			path = SaveKittensButNotHairlessOnes;
			sourceTree = "<group>";
		};
		9534457E1F70119400667AF0 /* SaveKittensButNotHairlessOnesTests */ = {
			isa = PBXGroup;
			children = (
				9534457F1F70119400667AF0 /* SaveKittensButNotHairlessOnesTests.swift */,
				953445811F70119400667AF0 /* Info.plist */,
			);
			path = SaveKittensButNotHairlessOnesTests;
			sourceTree = "<group>";
		};
		953445891F70119400667AF0 /* SaveKittensButNotHairlessOnesUITests */ = {
			isa = PBXGroup;
			children = (
				9534458A1F70119400667AF0 /* SaveKittensButNotHairlessOnesUITests.swift */,
				9534458C1F70119400667AF0 /* Info.plist */,
			);
			path = SaveKittensButNotHairlessOnesUITests;
			sourceTree = "<group>";
		};
/* End PBXGroup section */

/* Begin PBXNativeTarget section */
		953445661F70119300667AF0 /* SaveKittensButNotHairlessOnes */ = {
			isa = PBXNativeTarget;
			buildConfigurationList = 9534458F1F70119400667AF0 /* Build configuration list for PBXNativeTarget "SaveKittensButNotHairlessOnes" */;
			buildPhases = (
				953445631F70119300667AF0 /* Sources */,
				953445641F70119300667AF0 /* Frameworks */,
				953445651F70119300667AF0 /* Resources */,
			);
			buildRules = (
			);
			dependencies = (
			);
			name = SaveKittensButNotHairlessOnes;
			productName = SaveKittensButNotHairlessOnes;
			productReference = 953445671F70119300667AF0 /* SaveKittensButNotHairlessOnes.app */;
			productType = "com.apple.product-type.application";
		};
		9534457A1F70119400667AF0 /* SaveKittensButNotHairlessOnesTests */ = {
			isa = PBXNativeTarget;
			buildConfigurationList = 953445921F70119400667AF0 /* Build configuration list for PBXNativeTarget "SaveKittensButNotHairlessOnesTests" */;
			buildPhases = (
				953445771F70119400667AF0 /* Sources */,
				953445781F70119400667AF0 /* Frameworks */,
				953445791F70119400667AF0 /* Resources */,
			);
			buildRules = (
			);
			dependencies = (
				9534457D1F70119400667AF0 /* PBXTargetDependency */,
			);
			name = SaveKittensButNotHairlessOnesTests;
			productName = SaveKittensButNotHairlessOnesTests;
			productReference = 9534457B1F70119400667AF0 /* SaveKittensButNotHairlessOnesTests.xctest */;
			productType = "com.apple.product-type.bundle.unit-test";
		};
		953445851F70119400667AF0 /* SaveKittensButNotHairlessOnesUITests */ = {
			isa = PBXNativeTarget;
			buildConfigurationList = 953445951F70119400667AF0 /* Build configuration list for PBXNativeTarget "SaveKittensButNotHairlessOnesUITests" */;
			buildPhases = (
				953445821F70119400667AF0 /* Sources */,
				953445831F70119400667AF0 /* Frameworks */,
				953445841F70119400667AF0 /* Resources */,
			);
			buildRules = (
			);
			dependencies = (
				953445881F70119400667AF0 /* PBXTargetDependency */,
			);
			name = SaveKittensButNotHairlessOnesUITests;
			productName = SaveKittensButNotHairlessOnesUITests;
			productReference = 953445861F70119400667AF0 /* SaveKittensButNotHairlessOnesUITests.xctest */;
			productType = "com.apple.product-type.bundle.ui-testing";
		};
/* End PBXNativeTarget section */

/* Begin PBXProject section */
		9534455F1F70119300667AF0 /* Project object */ = {
			isa = PBXProject;
			attributes = {
				LastSwiftUpdateCheck = 0830;
				LastUpgradeCheck = 0830;
				ORGANIZATIONNAME = "Hamza Abdulilah";
				TargetAttributes = {
					953445661F70119300667AF0 = {
						CreatedOnToolsVersion = 8.3.3;
						DevelopmentTeam = CAB66J75K5;
						ProvisioningStyle = Automatic;
					};
					9534457A1F70119400667AF0 = {
						CreatedOnToolsVersion = 8.3.3;
						DevelopmentTeam = CAB66J75K5;
						ProvisioningStyle = Automatic;
						TestTargetID = 953445661F70119300667AF0;
					};
					953445851F70119400667AF0 = {
						CreatedOnToolsVersion = 8.3.3;
						DevelopmentTeam = CAB66J75K5;
						ProvisioningStyle = Automatic;
						TestTargetID = 953445661F70119300667AF0;
					};
				};
			};
			buildConfigurationList = 953445621F70119300667AF0 /* Build configuration list for PBXProject "SaveKittensButNotHairlessOnes" */;
			compatibilityVersion = "Xcode 3.2";
			developmentRegion = English;
			hasScannedForEncodings = 0;
			knownRegions = (
				en,
				Base,
			);
			mainGroup = 9534455E1F70119300667AF0;
			productRefGroup = 953445681F70119300667AF0 /* Products */;
			projectDirPath = "";
			projectRoot = "";
			targets = (
				953445661F70119300667AF0 /* SaveKittensButNotHairlessOnes */,
				9534457A1F70119400667AF0 /* SaveKittensButNotHairlessOnesTests */,
				953445851F70119400667AF0 /* SaveKittensButNotHairlessOnesUITests */,
			);
		};
/* End PBXProject section */

/* Begin PBXResourcesBuildPhase section */
		953445651F70119300667AF0 /* Resources */ = {
			isa = PBXResourcesBuildPhase;
			buildActionMask = 2147483647;
			files = (
				953445751F70119300667AF0 /* LaunchScreen.storyboard in Resources */,
				953445721F70119300667AF0 /* Assets.xcassets in Resources */,
				953445701F70119300667AF0 /* Main.storyboard in Resources */,
			);
			runOnlyForDeploymentPostprocessing = 0;
		};
		953445791F70119400667AF0 /* Resources */ = {
			isa = PBXResourcesBuildPhase;
			buildActionMask = 2147483647;
			files = (
			);
			runOnlyForDeploymentPostprocessing = 0;
		};
		953445841F70119400667AF0 /* Resources */ = {
			isa = PBXResourcesBuildPhase;
			buildActionMask = 2147483647;
			files = (
			);
			runOnlyForDeploymentPostprocessing = 0;
		};
/* End PBXResourcesBuildPhase section */

/* Begin PBXSourcesBuildPhase section */
		953445631F70119300667AF0 /* Sources */ = {
			isa = PBXSourcesBuildPhase;
			buildActionMask = 2147483647;
			files = (
				9534456D1F70119300667AF0 /* ViewController.swift in Sources */,
				9534456B1F70119300667AF0 /* AppDelegate.swift in Sources */,
			);
			runOnlyForDeploymentPostprocessing = 0;
		};
		953445771F70119400667AF0 /* Sources */ = {
			isa = PBXSourcesBuildPhase;
			buildActionMask = 2147483647;
			files = (
				953445801F70119400667AF0 /* SaveKittensButNotHairlessOnesTests.swift in Sources */,
			);
			runOnlyForDeploymentPostprocessing = 0;
		};
		953445821F70119400667AF0 /* Sources */ = {
			isa = PBXSourcesBuildPhase;
			buildActionMask = 2147483647;
			files = (
				9534458B1F70119400667AF0 /* SaveKittensButNotHairlessOnesUITests.swift in Sources */,
			);
			runOnlyForDeploymentPostprocessing = 0;
		};
/* End PBXSourcesBuildPhase section */

/* Begin PBXTargetDependency section */
		9534457D1F70119400667AF0 /* PBXTargetDependency */ = {
			isa = PBXTargetDependency;
			target = 953445661F70119300667AF0 /* SaveKittensButNotHairlessOnes */;
			targetProxy = 9534457C1F70119400667AF0 /* PBXContainerItemProxy */;
		};
		953445881F70119400667AF0 /* PBXTargetDependency */ = {
			isa = PBXTargetDependency;
			target = 953445661F70119300667AF0 /* SaveKittensButNotHairlessOnes */;
			targetProxy = 953445871F70119400667AF0 /* PBXContainerItemProxy */;
		};
/* End PBXTargetDependency section */

/* Begin PBXVariantGroup section */
		9534456E1F70119300667AF0 /* Main.storyboard */ = {
			isa = PBXVariantGroup;
			children = (
				9534456F1F70119300667AF0 /* Base */,
			);
			name = Main.storyboard;
			sourceTree = "<group>";
		};
		953445731F70119300667AF0 /* LaunchScreen.storyboard */ = {
			isa = PBXVariantGroup;
			children = (
				953445741F70119300667AF0 /* Base */,
			);
			name = LaunchScreen.storyboard;
			sourceTree = "<group>";
		};
/* End PBXVariantGroup section */

/* Begin XCBuildConfiguration section */
		9534458D1F70119400667AF0 /* Debug */ = {
			isa = XCBuildConfiguration;
			buildSettings = {
				ALWAYS_SEARCH_USER_PATHS = NO;
				CLANG_ANALYZER_NONNULL = YES;
				CLANG_ANALYZER_NUMBER_OBJECT_CONVERSION = YES_AGGRESSIVE;
				CLANG_CXX_LANGUAGE_STANDARD = "gnu++0x";
				CLANG_CXX_LIBRARY = "libc++";
				CLANG_ENABLE_MODULES = YES;
				CLANG_ENABLE_OBJC_ARC = YES;
				CLANG_WARN_BOOL_CONVERSION = YES;
				CLANG_WARN_CONSTANT_CONVERSION = YES;
				CLANG_WARN_DIRECT_OBJC_ISA_USAGE = YES_ERROR;
				CLANG_WARN_DOCUMENTATION_COMMENTS = YES;
				CLANG_WARN_EMPTY_BODY = YES;
				CLANG_WARN_ENUM_CONVERSION = YES;
				CLANG_WARN_INFINITE_RECURSION = YES;
				CLANG_WARN_INT_CONVERSION = YES;
				CLANG_WARN_OBJC_ROOT_CLASS = YES_ERROR;
				CLANG_WARN_SUSPICIOUS_MOVE = YES;
				CLANG_WARN_UNREACHABLE_CODE = YES;
				CLANG_WARN__DUPLICATE_METHOD_MATCH = YES;
				"CODE_SIGN_IDENTITY[sdk=iphoneos*]" = "iPhone Developer";
				COPY_PHASE_STRIP = NO;
				DEBUG_INFORMATION_FORMAT = dwarf;
				ENABLE_STRICT_OBJC_MSGSEND = YES;
				ENABLE_TESTABILITY = YES;
				GCC_C_LANGUAGE_STANDARD = gnu99;
				GCC_DYNAMIC_NO_PIC = NO;
				GCC_NO_COMMON_BLOCKS = YES;
				GCC_OPTIMIZATION_LEVEL = 0;
				GCC_PREPROCESSOR_DEFINITIONS = (
					"DEBUG=1",
					"$(inherited)",
				);
				GCC_WARN_64_TO_32_BIT_CONVERSION = YES;
				GCC_WARN_ABOUT_RETURN_TYPE = YES_ERROR;
				GCC_WARN_UNDECLARED_SELECTOR = YES;
				GCC_WARN_UNINITIALIZED_AUTOS = YES_AGGRESSIVE;
				GCC_WARN_UNUSED_FUNCTION = YES;
				GCC_WARN_UNUSED_VARIABLE = YES;
				IPHONEOS_DEPLOYMENT_TARGET = 10.3;
				MTL_ENABLE_DEBUG_INFO = YES;
				ONLY_ACTIVE_ARCH = YES;
				SDKROOT = iphoneos;
				SWIFT_ACTIVE_COMPILATION_CONDITIONS = DEBUG;
				SWIFT_OPTIMIZATION_LEVEL = "-Onone";
				TARGETED_DEVICE_FAMILY = "1,2";
			};
			name = Debug;
		};
		9534458E1F70119400667AF0 /* Release */ = {
			isa = XCBuildConfiguration;
			buildSettings = {
				ALWAYS_SEARCH_USER_PATHS = NO;
				CLANG_ANALYZER_NONNULL = YES;
				CLANG_ANALYZER_NUMBER_OBJECT_CONVERSION = YES_AGGRESSIVE;
				CLANG_CXX_LANGUAGE_STANDARD = "gnu++0x";
				CLANG_CXX_LIBRARY = "libc++";
				CLANG_ENABLE_MODULES = YES;
				CLANG_ENABLE_OBJC_ARC = YES;
				CLANG_WARN_BOOL_CONVERSION = YES;
				CLANG_WARN_CONSTANT_CONVERSION = YES;
				CLANG_WARN_DIRECT_OBJC_ISA_USAGE = YES_ERROR;
				CLANG_WARN_DOCUMENTATION_COMMENTS = YES;
				CLANG_WARN_EMPTY_BODY = YES;
				CLANG_WARN_ENUM_CONVERSION = YES;
				CLANG_WARN_INFINITE_RECURSION = YES;
				CLANG_WARN_INT_CONVERSION = YES;
				CLANG_WARN_OBJC_ROOT_CLASS = YES_ERROR;
				CLANG_WARN_SUSPICIOUS_MOVE = YES;
				CLANG_WARN_UNREACHABLE_CODE = YES;
				CLANG_WARN__DUPLICATE_METHOD_MATCH = YES;
				"CODE_SIGN_IDENTITY[sdk=iphoneos*]" = "iPhone Developer";
				COPY_PHASE_STRIP = NO;
				DEBUG_INFORMATION_FORMAT = "dwarf-with-dsym";
				ENABLE_NS_ASSERTIONS = NO;
				ENABLE_STRICT_OBJC_MSGSEND = YES;
				GCC_C_LANGUAGE_STANDARD = gnu99;
				GCC_NO_COMMON_BLOCKS = YES;
				GCC_WARN_64_TO_32_BIT_CONVERSION = YES;
				GCC_WARN_ABOUT_RETURN_TYPE = YES_ERROR;
				GCC_WARN_UNDECLARED_SELECTOR = YES;
				GCC_WARN_UNINITIALIZED_AUTOS = YES_AGGRESSIVE;
				GCC_WARN_UNUSED_FUNCTION = YES;
				GCC_WARN_UNUSED_VARIABLE = YES;
				IPHONEOS_DEPLOYMENT_TARGET = 10.3;
				MTL_ENABLE_DEBUG_INFO = NO;
				SDKROOT = iphoneos;
				SWIFT_OPTIMIZATION_LEVEL = "-Owholemodule";
				TARGETED_DEVICE_FAMILY = "1,2";
				VALIDATE_PRODUCT = YES;
			};
			name = Release;
		};
		953445901F70119400667AF0 /* Debug */ = {
			isa = XCBuildConfiguration;
			buildSettings = {
				ASSETCATALOG_COMPILER_APPICON_NAME = AppIcon;
				DEVELOPMENT_TEAM = CAB66J75K5;
				INFOPLIST_FILE = SaveKittensButNotHairlessOnes/Info.plist;
				LD_RUNPATH_SEARCH_PATHS = "$(inherited) @executable_path/Frameworks";
				PRODUCT_BUNDLE_IDENTIFIER = HA.SaveKittensButNotHairlessOnes;
				PRODUCT_NAME = "$(TARGET_NAME)";
				SWIFT_VERSION = 3.0;
			};
			name = Debug;
		};
		953445911F70119400667AF0 /* Release */ = {
			isa = XCBuildConfiguration;
			buildSettings = {
				ASSETCATALOG_COMPILER_APPICON_NAME = AppIcon;
				DEVELOPMENT_TEAM = CAB66J75K5;
				INFOPLIST_FILE = SaveKittensButNotHairlessOnes/Info.plist;
				LD_RUNPATH_SEARCH_PATHS = "$(inherited) @executable_path/Frameworks";
				PRODUCT_BUNDLE_IDENTIFIER = HA.SaveKittensButNotHairlessOnes;
				PRODUCT_NAME = "$(TARGET_NAME)";
				SWIFT_VERSION = 3.0;
			};
			name = Release;
		};
		953445931F70119400667AF0 /* Debug */ = {
			isa = XCBuildConfiguration;
			buildSettings = {
				ALWAYS_EMBED_SWIFT_STANDARD_LIBRARIES = YES;
				BUNDLE_LOADER = "$(TEST_HOST)";
				DEVELOPMENT_TEAM = CAB66J75K5;
				INFOPLIST_FILE = SaveKittensButNotHairlessOnesTests/Info.plist;
				LD_RUNPATH_SEARCH_PATHS = "$(inherited) @executable_path/Frameworks @loader_path/Frameworks";
				PRODUCT_BUNDLE_IDENTIFIER = HA.SaveKittensButNotHairlessOnesTests;
				PRODUCT_NAME = "$(TARGET_NAME)";
				SWIFT_VERSION = 3.0;
				TEST_HOST = "$(BUILT_PRODUCTS_DIR)/SaveKittensButNotHairlessOnes.app/SaveKittensButNotHairlessOnes";
			};
			name = Debug;
		};
		953445941F70119400667AF0 /* Release */ = {
			isa = XCBuildConfiguration;
			buildSettings = {
				ALWAYS_EMBED_SWIFT_STANDARD_LIBRARIES = YES;
				BUNDLE_LOADER = "$(TEST_HOST)";
				DEVELOPMENT_TEAM = CAB66J75K5;
				INFOPLIST_FILE = SaveKittensButNotHairlessOnesTests/Info.plist;
				LD_RUNPATH_SEARCH_PATHS = "$(inherited) @executable_path/Frameworks @loader_path/Frameworks";
				PRODUCT_BUNDLE_IDENTIFIER = HA.SaveKittensButNotHairlessOnesTests;
				PRODUCT_NAME = "$(TARGET_NAME)";
				SWIFT_VERSION = 3.0;
				TEST_HOST = "$(BUILT_PRODUCTS_DIR)/SaveKittensButNotHairlessOnes.app/SaveKittensButNotHairlessOnes";
			};
			name = Release;
		};
		953445961F70119400667AF0 /* Debug */ = {
			isa = XCBuildConfiguration;
			buildSettings = {
				ALWAYS_EMBED_SWIFT_STANDARD_LIBRARIES = YES;
				DEVELOPMENT_TEAM = CAB66J75K5;
				INFOPLIST_FILE = SaveKittensButNotHairlessOnesUITests/Info.plist;
				LD_RUNPATH_SEARCH_PATHS = "$(inherited) @executable_path/Frameworks @loader_path/Frameworks";
				PRODUCT_BUNDLE_IDENTIFIER = HA.SaveKittensButNotHairlessOnesUITests;
				PRODUCT_NAME = "$(TARGET_NAME)";
				SWIFT_VERSION = 3.0;
				TEST_TARGET_NAME = SaveKittensButNotHairlessOnes;
			};
			name = Debug;
		};
		953445971F70119400667AF0 /* Release */ = {
			isa = XCBuildConfiguration;
			buildSettings = {
				ALWAYS_EMBED_SWIFT_STANDARD_LIBRARIES = YES;
				DEVELOPMENT_TEAM = CAB66J75K5;
				INFOPLIST_FILE = SaveKittensButNotHairlessOnesUITests/Info.plist;
				LD_RUNPATH_SEARCH_PATHS = "$(inherited) @executable_path/Frameworks @loader_path/Frameworks";
				PRODUCT_BUNDLE_IDENTIFIER = HA.SaveKittensButNotHairlessOnesUITests;
				PRODUCT_NAME = "$(TARGET_NAME)";
				SWIFT_VERSION = 3.0;
				TEST_TARGET_NAME = SaveKittensButNotHairlessOnes;
			};
			name = Release;
		};
/* End XCBuildConfiguration section */

/* Begin XCConfigurationList section */
		953445621F70119300667AF0 /* Build configuration list for PBXProject "SaveKittensButNotHairlessOnes" */ = {
			isa = XCConfigurationList;
			buildConfigurations = (
				9534458D1F70119400667AF0 /* Debug */,
				9534458E1F70119400667AF0 /* Release */,
			);
			defaultConfigurationIsVisible = 0;
			defaultConfigurationName = Release;
		};
		9534458F1F70119400667AF0 /* Build configuration list for PBXNativeTarget "SaveKittensButNotHairlessOnes" */ = {
			isa = XCConfigurationList;
			buildConfigurations = (
				953445901F70119400667AF0 /* Debug */,
				953445911F70119400667AF0 /* Release */,
			);
			defaultConfigurationIsVisible = 0;
		};
		953445921F70119400667AF0 /* Build configuration list for PBXNativeTarget "SaveKittensButNotHairlessOnesTests" */ = {
			isa = XCConfigurationList;
			buildConfigurations = (
				953445931F70119400667AF0 /* Debug */,
				953445941F70119400667AF0 /* Release */,
			);
			defaultConfigurationIsVisible = 0;
		};
		953445951F70119400667AF0 /* Build configuration list for PBXNativeTarget "SaveKittensButNotHairlessOnesUITests" */ = {
			isa = XCConfigurationList;
			buildConfigurations = (
				953445961F70119400667AF0 /* Debug */,
				953445971F70119400667AF0 /* Release */,
			);
			defaultConfigurationIsVisible = 0;
		};
/* End XCConfigurationList section */
	};
	rootObject = 9534455F1F70119300667AF0 /* Project object */;
}
